{
  "requires": true,
  "lockfileVersion": 1,
  "dependencies": {
    "tether": {
      "version": "1.4.5",
      "resolved": "https://registry.npmjs.org/tether/-/tether-1.4.5.tgz",
      "integrity": "sha512-fysT1Gug2wbRi7a6waeu39yVDwiNtvwj5m9eRD+qZDSHKNghLo6KqP/U3yM2ap6TNUL2skjXGJaJJTJqoC31vw=="
    }
  }
}
